
Microsoft Visual Studio Solution File, Format Version 12.00
# Visual Studio Version 16
VisualStudioVersion = 16.0.31321.278
MinimumVisualStudioVersion = 10.0.40219.1
Project("{FAE04EC0-301F-11D3-BF4B-00C04F79EFBC}") = "AtvServices", "AtvServices\AtvServices.csproj", "{57961FA0-39D7-4783-9B1D-9706C4A454E6}"
EndProject
Global
	GlobalSection(SolutionConfigurationPlatforms) = preSolution
		Debug|Any CPU = Debug|Any CPU
		Release|Any CPU = Release|Any CPU
	EndGlobalSection
	GlobalSection(ProjectConfigurationPlatforms) = postSolution
		{57961FA0-39D7-4783-9B1D-9706C4A454E6}.Debug|Any CPU.ActiveCfg = Debug|Any CPU
		{57961FA0-39D7-4783-9B1D-9706C4A454E6}.Debug|Any CPU.Build.0 = Debug|Any CPU
		{57961FA0-39D7-4783-9B1D-9706C4A454E6}.Release|Any CPU.ActiveCfg = Release|Any CPU
		{57961FA0-39D7-4783-9B1D-9706C4A454E6}.Release|Any CPU.Build.0 = Release|Any CPU
	EndGlobalSection
	GlobalSection(SolutionProperties) = preSolution
		HideSolutionNode = FALSE
	EndGlobalSection
	GlobalSection(ExtensibilityGlobals) = postSolution
		SolutionGuid = {7482FC8D-9C3D-4931-A9E6-5C5B45A833E0}
	EndGlobalSection
EndGlobal
